{
    "name": "bookstore-cds",
    "version": "1.0.0",
    "lockfileVersion": 3,
    "requires": true,
    "packages": {
        "": {
            "name": "bookstore-cds",
            "version": "1.0.0",
            "license": "ISC",
            "dependencies": {
                "@sap/capire-products": "file:sap-capire-products-1.0.0.tgz"
            }
        },
        "node_modules/@sap/capire-products": {
            "version": "1.0.0",
            "resolved": "file:sap-capire-products-1.0.0.tgz",
            "integrity": "sha512-8ID4mmH6z+kIQ5ImyIa/JEMKfTA0UzlEW0wcFU2oIAoT0dtpFUts4GnCtL+ZLrNnd9M6XYSyR2Sj+hBCR/2NKw==",
            "license": "ISC"
        }
    }
}
